
Microsoft Visual Studio Solution File, Format Version 12.00
# Visual Studio 2013
VisualStudioVersion = 12.0.30723.0
MinimumVisualStudioVersion = 10.0.40219.1
Project("{FAE04EC0-301F-11D3-BF4B-00C04F79EFBC}") = "HSchool.WebApi", "HSchool.WebApi\HSchool.WebApi.csproj", "{936BBFDF-93F3-4047-BA55-3FBDD7D52AD7}"
EndProject
Project("{FAE04EC0-301F-11D3-BF4B-00C04F79EFBC}") = "HSchool.WebApi.Tests", "HSchool.WebApi.Tests\HSchool.WebApi.Tests.csproj", "{D647FCD8-E653-4E46-8FE9-2F85F09514FF}"
EndProject
Project("{2150E333-8FDC-42A3-9474-1A3956D46DE8}") = "Application Projects", "Application Projects", "{C11193E4-B397-425B-A6E2-5F4B7CA3C7F4}"
EndProject
Project("{2150E333-8FDC-42A3-9474-1A3956D46DE8}") = "Test Projects", "Test Projects", "{D67FB8DA-AED9-4944-8E56-1F70C32FFA53}"
EndProject
Project("{FAE04EC0-301F-11D3-BF4B-00C04F79EFBC}") = "HSchool.Data", "HSchool.Data\HSchool.Data.csproj", "{66E64BC3-9F66-4E06-96C8-6EB2FEE5900E}"
EndProject
Project("{FAE04EC0-301F-11D3-BF4B-00C04F79EFBC}") = "HSchool.Business", "HSchool.Business\HSchool.Business.csproj", "{8607A432-107A-48C4-B9A0-9B7BCFE1A583}"
EndProject
Project("{FAE04EC0-301F-11D3-BF4B-00C04F79EFBC}") = "HSchool.Logging", "HSchool.Logging\HSchool.Logging.csproj", "{2A946909-490D-4833-946E-7EC00B5E1568}"
EndProject
Project("{FAE04EC0-301F-11D3-BF4B-00C04F79EFBC}") = "HSchool.CompositionRoot", "HSchool.CompositionRoot\HSchool.CompositionRoot.csproj", "{8C8CE864-51C3-4C27-B3DD-FEC54D1F204C}"
EndProject
Project("{FAE04EC0-301F-11D3-BF4B-00C04F79EFBC}") = "HSchool.Common", "HSchool.Common\HSchool.Common.csproj", "{3282C4C8-8EB4-4877-93A0-ADB0CF0B622A}"
EndProject
Project("{FAE04EC0-301F-11D3-BF4B-00C04F79EFBC}") = "HSchool.Authentication", "HSchool.Authentication\HSchool.Authentication.csproj", "{D62824DF-A374-4462-9CFB-5EA1E30F1F39}"
EndProject
Global
	GlobalSection(SolutionConfigurationPlatforms) = preSolution
		Debug|Any CPU = Debug|Any CPU
		Release|Any CPU = Release|Any CPU
	EndGlobalSection
	GlobalSection(ProjectConfigurationPlatforms) = postSolution
		{936BBFDF-93F3-4047-BA55-3FBDD7D52AD7}.Debug|Any CPU.ActiveCfg = Debug|Any CPU
		{936BBFDF-93F3-4047-BA55-3FBDD7D52AD7}.Debug|Any CPU.Build.0 = Debug|Any CPU
		{936BBFDF-93F3-4047-BA55-3FBDD7D52AD7}.Release|Any CPU.ActiveCfg = Release|Any CPU
		{936BBFDF-93F3-4047-BA55-3FBDD7D52AD7}.Release|Any CPU.Build.0 = Release|Any CPU
		{D647FCD8-E653-4E46-8FE9-2F85F09514FF}.Debug|Any CPU.ActiveCfg = Debug|Any CPU
		{D647FCD8-E653-4E46-8FE9-2F85F09514FF}.Debug|Any CPU.Build.0 = Debug|Any CPU
		{D647FCD8-E653-4E46-8FE9-2F85F09514FF}.Release|Any CPU.ActiveCfg = Release|Any CPU
		{D647FCD8-E653-4E46-8FE9-2F85F09514FF}.Release|Any CPU.Build.0 = Release|Any CPU
		{66E64BC3-9F66-4E06-96C8-6EB2FEE5900E}.Debug|Any CPU.ActiveCfg = Debug|Any CPU
		{66E64BC3-9F66-4E06-96C8-6EB2FEE5900E}.Debug|Any CPU.Build.0 = Debug|Any CPU
		{66E64BC3-9F66-4E06-96C8-6EB2FEE5900E}.Release|Any CPU.ActiveCfg = Release|Any CPU
		{66E64BC3-9F66-4E06-96C8-6EB2FEE5900E}.Release|Any CPU.Build.0 = Release|Any CPU
		{8607A432-107A-48C4-B9A0-9B7BCFE1A583}.Debug|Any CPU.ActiveCfg = Debug|Any CPU
		{8607A432-107A-48C4-B9A0-9B7BCFE1A583}.Debug|Any CPU.Build.0 = Debug|Any CPU
		{8607A432-107A-48C4-B9A0-9B7BCFE1A583}.Release|Any CPU.ActiveCfg = Release|Any CPU
		{8607A432-107A-48C4-B9A0-9B7BCFE1A583}.Release|Any CPU.Build.0 = Release|Any CPU
		{2A946909-490D-4833-946E-7EC00B5E1568}.Debug|Any CPU.ActiveCfg = Debug|Any CPU
		{2A946909-490D-4833-946E-7EC00B5E1568}.Debug|Any CPU.Build.0 = Debug|Any CPU
		{2A946909-490D-4833-946E-7EC00B5E1568}.Release|Any CPU.ActiveCfg = Release|Any CPU
		{2A946909-490D-4833-946E-7EC00B5E1568}.Release|Any CPU.Build.0 = Release|Any CPU
		{8C8CE864-51C3-4C27-B3DD-FEC54D1F204C}.Debug|Any CPU.ActiveCfg = Debug|Any CPU
		{8C8CE864-51C3-4C27-B3DD-FEC54D1F204C}.Debug|Any CPU.Build.0 = Debug|Any CPU
		{8C8CE864-51C3-4C27-B3DD-FEC54D1F204C}.Release|Any CPU.ActiveCfg = Release|Any CPU
		{8C8CE864-51C3-4C27-B3DD-FEC54D1F204C}.Release|Any CPU.Build.0 = Release|Any CPU
		{3282C4C8-8EB4-4877-93A0-ADB0CF0B622A}.Debug|Any CPU.ActiveCfg = Debug|Any CPU
		{3282C4C8-8EB4-4877-93A0-ADB0CF0B622A}.Debug|Any CPU.Build.0 = Debug|Any CPU
		{3282C4C8-8EB4-4877-93A0-ADB0CF0B622A}.Release|Any CPU.ActiveCfg = Release|Any CPU
		{3282C4C8-8EB4-4877-93A0-ADB0CF0B622A}.Release|Any CPU.Build.0 = Release|Any CPU
		{D62824DF-A374-4462-9CFB-5EA1E30F1F39}.Debug|Any CPU.ActiveCfg = Debug|Any CPU
		{D62824DF-A374-4462-9CFB-5EA1E30F1F39}.Debug|Any CPU.Build.0 = Debug|Any CPU
		{D62824DF-A374-4462-9CFB-5EA1E30F1F39}.Release|Any CPU.ActiveCfg = Release|Any CPU
		{D62824DF-A374-4462-9CFB-5EA1E30F1F39}.Release|Any CPU.Build.0 = Release|Any CPU
	EndGlobalSection
	GlobalSection(SolutionProperties) = preSolution
		HideSolutionNode = FALSE
	EndGlobalSection
	GlobalSection(NestedProjects) = preSolution
		{936BBFDF-93F3-4047-BA55-3FBDD7D52AD7} = {C11193E4-B397-425B-A6E2-5F4B7CA3C7F4}
		{D647FCD8-E653-4E46-8FE9-2F85F09514FF} = {D67FB8DA-AED9-4944-8E56-1F70C32FFA53}
		{66E64BC3-9F66-4E06-96C8-6EB2FEE5900E} = {C11193E4-B397-425B-A6E2-5F4B7CA3C7F4}
		{8607A432-107A-48C4-B9A0-9B7BCFE1A583} = {C11193E4-B397-425B-A6E2-5F4B7CA3C7F4}
		{2A946909-490D-4833-946E-7EC00B5E1568} = {C11193E4-B397-425B-A6E2-5F4B7CA3C7F4}
		{8C8CE864-51C3-4C27-B3DD-FEC54D1F204C} = {C11193E4-B397-425B-A6E2-5F4B7CA3C7F4}
		{3282C4C8-8EB4-4877-93A0-ADB0CF0B622A} = {C11193E4-B397-425B-A6E2-5F4B7CA3C7F4}
		{D62824DF-A374-4462-9CFB-5EA1E30F1F39} = {C11193E4-B397-425B-A6E2-5F4B7CA3C7F4}
	EndGlobalSection
EndGlobal
